
Microsoft Visual Studio Solution File, Format Version 12.00
# Visual Studio Version 16
VisualStudioVersion = 25.0.1703.0
MinimumVisualStudioVersion = 10.0.40219.1
Project("{FAE04EC0-301F-11D3-BF4B-00C04F79EFBC}") = "SalesTaxCalculator.Common", "SalesTaxCalculator.Common.csproj", "{7D17C8CE-AE34-4367-9C59-19FB7429901A}"
EndProject
Global
	GlobalSection(SolutionConfigurationPlatforms) = preSolution
		Debug|Any CPU = Debug|Any CPU
		Release|Any CPU = Release|Any CPU
	EndGlobalSection
	GlobalSection(ProjectConfigurationPlatforms) = postSolution
		{7D17C8CE-AE34-4367-9C59-19FB7429901A}.Debug|Any CPU.ActiveCfg = Debug|Any CPU
		{7D17C8CE-AE34-4367-9C59-19FB7429901A}.Debug|Any CPU.Build.0 = Debug|Any CPU
		{7D17C8CE-AE34-4367-9C59-19FB7429901A}.Release|Any CPU.ActiveCfg = Release|Any CPU
		{7D17C8CE-AE34-4367-9C59-19FB7429901A}.Release|Any CPU.Build.0 = Release|Any CPU
	EndGlobalSection
	GlobalSection(SolutionProperties) = preSolution
		HideSolutionNode = FALSE
	EndGlobalSection
	GlobalSection(ExtensibilityGlobals) = postSolution
		SolutionGuid = {61EB5F48-5F45-4873-88BD-FCB83B8D2A73}
	EndGlobalSection
EndGlobal
